
Microsoft Visual Studio Solution File, Format Version 12.00
# Visual Studio Version 17
VisualStudioVersion = 17.5.33516.290
MinimumVisualStudioVersion = 10.0.40219.1
Project("{FAE04EC0-301F-11D3-BF4B-00C04F79EFBC}") = "MyStore", "MyStore\MyStore.csproj", "{985588DD-AEC4-4EAA-A65D-A268C6AD8234}"
EndProject
Global
	GlobalSection(SolutionConfigurationPlatforms) = preSolution
		Debug|Any CPU = Debug|Any CPU
		Release|Any CPU = Release|Any CPU
	EndGlobalSection
	GlobalSection(ProjectConfigurationPlatforms) = postSolution
		{985588DD-AEC4-4EAA-A65D-A268C6AD8234}.Debug|Any CPU.ActiveCfg = Debug|Any CPU
		{985588DD-AEC4-4EAA-A65D-A268C6AD8234}.Debug|Any CPU.Build.0 = Debug|Any CPU
		{985588DD-AEC4-4EAA-A65D-A268C6AD8234}.Release|Any CPU.ActiveCfg = Release|Any CPU
		{985588DD-AEC4-4EAA-A65D-A268C6AD8234}.Release|Any CPU.Build.0 = Release|Any CPU
	EndGlobalSection
	GlobalSection(SolutionProperties) = preSolution
		HideSolutionNode = FALSE
	EndGlobalSection
	GlobalSection(ExtensibilityGlobals) = postSolution
		SolutionGuid = {3B3FA789-D707-42E6-ADB5-524FAF12584C}
	EndGlobalSection
EndGlobal
